
Microsoft Visual Studio Solution File, Format Version 12.00
# Visual Studio 15
VisualStudioVersion = 15.0.27130.2036
MinimumVisualStudioVersion = 10.0.40219.1
Project("{FAE04EC0-301F-11D3-BF4B-00C04F79EFBC}") = "Prometheus.Engine", "Prometheus.Engine\Prometheus.Engine.csproj", "{F7F4E934-570F-452C-B55E-2D9AFD52453C}"
EndProject
Project("{FAE04EC0-301F-11D3-BF4B-00C04F79EFBC}") = "Prometheus.Engine.UnitTests", "Prometheus.Engine.UnitTests\Prometheus.Engine.UnitTests.csproj", "{3E82312C-4A61-46E4-9F86-9E00FFDCDE18}"
EndProject
Project("{FAE04EC0-301F-11D3-BF4B-00C04F79EFBC}") = "Prometheus.Common", "Prometheus.Common\Prometheus.Common.csproj", "{3BD30A4C-160B-45E5-9700-2D1D8C4CF21E}"
EndProject
Project("{2150E333-8FDC-42A3-9474-1A3956D46DE8}") = "TestProjects", "TestProjects", "{BA44A1DD-B98B-4F7F-A7AA-ADB2EFED6F20}"
EndProject
Project("{FAE04EC0-301F-11D3-BF4B-00C04F79EFBC}") = "TestProject.GUI", "TestProject.GUI\TestProject.GUI.csproj", "{D07FDAA3-A2A5-43ED-A9AF-08AE9F337209}"
EndProject
Project("{FAE04EC0-301F-11D3-BF4B-00C04F79EFBC}") = "TestProject.Services", "TestProject.Services\TestProject.Services.csproj", "{BE76096B-9A08-4AC0-AB0D-BF1639091CDC}"
EndProject
Project("{FAE04EC0-301F-11D3-BF4B-00C04F79EFBC}") = "TestProject.Common", "TestProject.Common\TestProject.Common.csproj", "{0B17B989-0D3A-4AE0-A2FE-FEB03490DBF3}"
EndProject
Global
	GlobalSection(SolutionConfigurationPlatforms) = preSolution
		Debug|Any CPU = Debug|Any CPU
		Release|Any CPU = Release|Any CPU
	EndGlobalSection
	GlobalSection(ProjectConfigurationPlatforms) = postSolution
		{F7F4E934-570F-452C-B55E-2D9AFD52453C}.Debug|Any CPU.ActiveCfg = Debug|Any CPU
		{F7F4E934-570F-452C-B55E-2D9AFD52453C}.Debug|Any CPU.Build.0 = Debug|Any CPU
		{F7F4E934-570F-452C-B55E-2D9AFD52453C}.Release|Any CPU.ActiveCfg = Release|Any CPU
		{F7F4E934-570F-452C-B55E-2D9AFD52453C}.Release|Any CPU.Build.0 = Release|Any CPU
		{3E82312C-4A61-46E4-9F86-9E00FFDCDE18}.Debug|Any CPU.ActiveCfg = Debug|Any CPU
		{3E82312C-4A61-46E4-9F86-9E00FFDCDE18}.Debug|Any CPU.Build.0 = Debug|Any CPU
		{3E82312C-4A61-46E4-9F86-9E00FFDCDE18}.Release|Any CPU.ActiveCfg = Release|Any CPU
		{3E82312C-4A61-46E4-9F86-9E00FFDCDE18}.Release|Any CPU.Build.0 = Release|Any CPU
		{3BD30A4C-160B-45E5-9700-2D1D8C4CF21E}.Debug|Any CPU.ActiveCfg = Debug|Any CPU
		{3BD30A4C-160B-45E5-9700-2D1D8C4CF21E}.Debug|Any CPU.Build.0 = Debug|Any CPU
		{3BD30A4C-160B-45E5-9700-2D1D8C4CF21E}.Release|Any CPU.ActiveCfg = Release|Any CPU
		{3BD30A4C-160B-45E5-9700-2D1D8C4CF21E}.Release|Any CPU.Build.0 = Release|Any CPU
		{D07FDAA3-A2A5-43ED-A9AF-08AE9F337209}.Debug|Any CPU.ActiveCfg = Debug|Any CPU
		{D07FDAA3-A2A5-43ED-A9AF-08AE9F337209}.Debug|Any CPU.Build.0 = Debug|Any CPU
		{D07FDAA3-A2A5-43ED-A9AF-08AE9F337209}.Release|Any CPU.ActiveCfg = Release|Any CPU
		{D07FDAA3-A2A5-43ED-A9AF-08AE9F337209}.Release|Any CPU.Build.0 = Release|Any CPU
		{BE76096B-9A08-4AC0-AB0D-BF1639091CDC}.Debug|Any CPU.ActiveCfg = Debug|Any CPU
		{BE76096B-9A08-4AC0-AB0D-BF1639091CDC}.Debug|Any CPU.Build.0 = Debug|Any CPU
		{BE76096B-9A08-4AC0-AB0D-BF1639091CDC}.Release|Any CPU.ActiveCfg = Release|Any CPU
		{BE76096B-9A08-4AC0-AB0D-BF1639091CDC}.Release|Any CPU.Build.0 = Release|Any CPU
		{0B17B989-0D3A-4AE0-A2FE-FEB03490DBF3}.Debug|Any CPU.ActiveCfg = Debug|Any CPU
		{0B17B989-0D3A-4AE0-A2FE-FEB03490DBF3}.Debug|Any CPU.Build.0 = Debug|Any CPU
		{0B17B989-0D3A-4AE0-A2FE-FEB03490DBF3}.Release|Any CPU.ActiveCfg = Release|Any CPU
		{0B17B989-0D3A-4AE0-A2FE-FEB03490DBF3}.Release|Any CPU.Build.0 = Release|Any CPU
	EndGlobalSection
	GlobalSection(SolutionProperties) = preSolution
		HideSolutionNode = FALSE
	EndGlobalSection
	GlobalSection(NestedProjects) = preSolution
		{D07FDAA3-A2A5-43ED-A9AF-08AE9F337209} = {BA44A1DD-B98B-4F7F-A7AA-ADB2EFED6F20}
		{BE76096B-9A08-4AC0-AB0D-BF1639091CDC} = {BA44A1DD-B98B-4F7F-A7AA-ADB2EFED6F20}
		{0B17B989-0D3A-4AE0-A2FE-FEB03490DBF3} = {BA44A1DD-B98B-4F7F-A7AA-ADB2EFED6F20}
	EndGlobalSection
	GlobalSection(ExtensibilityGlobals) = postSolution
		SolutionGuid = {20FC707B-4A8D-4CDC-8FDC-78AD5320BA56}
	EndGlobalSection
EndGlobal
