
Microsoft Visual Studio Solution File, Format Version 12.00
# Visual Studio 15
VisualStudioVersion = 15.0.28307.438
MinimumVisualStudioVersion = 10.0.40219.1
Project("{FAE04EC0-301F-11D3-BF4B-00C04F79EFBC}") = "TestProject.Services", "..\TestProject.Services\TestProject.Services.csproj", "{BE76096B-9A08-4AC0-AB0D-BF1639091CDC}"
EndProject
Project("{FAE04EC0-301F-11D3-BF4B-00C04F79EFBC}") = "TestProject.Common", "..\TestProject.Common\TestProject.Common.csproj", "{0B17B989-0D3A-4AE0-A2FE-FEB03490DBF3}"
EndProject
Project("{FAE04EC0-301F-11D3-BF4B-00C04F79EFBC}") = "TestProject.GUI", "..\TestProject.GUI\TestProject.GUI.csproj", "{D07FDAA3-A2A5-43ED-A9AF-08AE9F337209}"
EndProject
Global
	GlobalSection(SolutionConfigurationPlatforms) = preSolution
		Debug|Any CPU = Debug|Any CPU
		Release|Any CPU = Release|Any CPU
	EndGlobalSection
	GlobalSection(ProjectConfigurationPlatforms) = postSolution
		{BE76096B-9A08-4AC0-AB0D-BF1639091CDC}.Debug|Any CPU.ActiveCfg = Debug|Any CPU
		{BE76096B-9A08-4AC0-AB0D-BF1639091CDC}.Debug|Any CPU.Build.0 = Debug|Any CPU
		{BE76096B-9A08-4AC0-AB0D-BF1639091CDC}.Release|Any CPU.ActiveCfg = Release|Any CPU
		{BE76096B-9A08-4AC0-AB0D-BF1639091CDC}.Release|Any CPU.Build.0 = Release|Any CPU
		{0B17B989-0D3A-4AE0-A2FE-FEB03490DBF3}.Debug|Any CPU.ActiveCfg = Debug|Any CPU
		{0B17B989-0D3A-4AE0-A2FE-FEB03490DBF3}.Debug|Any CPU.Build.0 = Debug|Any CPU
		{0B17B989-0D3A-4AE0-A2FE-FEB03490DBF3}.Release|Any CPU.ActiveCfg = Release|Any CPU
		{0B17B989-0D3A-4AE0-A2FE-FEB03490DBF3}.Release|Any CPU.Build.0 = Release|Any CPU
		{D07FDAA3-A2A5-43ED-A9AF-08AE9F337209}.Debug|Any CPU.ActiveCfg = Debug|Any CPU
		{D07FDAA3-A2A5-43ED-A9AF-08AE9F337209}.Debug|Any CPU.Build.0 = Debug|Any CPU
		{D07FDAA3-A2A5-43ED-A9AF-08AE9F337209}.Release|Any CPU.ActiveCfg = Release|Any CPU
		{D07FDAA3-A2A5-43ED-A9AF-08AE9F337209}.Release|Any CPU.Build.0 = Release|Any CPU
	EndGlobalSection
	GlobalSection(SolutionProperties) = preSolution
		HideSolutionNode = FALSE
	EndGlobalSection
	GlobalSection(ExtensibilityGlobals) = postSolution
		SolutionGuid = {68C97BEC-12E4-43D1-9FB0-F3FC97DDE68D}
	EndGlobalSection
EndGlobal
